
Microsoft Visual Studio Solution File, Format Version 12.00
# Visual Studio Version 16
VisualStudioVersion = 16.0.34902.97
MinimumVisualStudioVersion = 10.0.40219.1
Project("{FAE04EC0-301F-11D3-BF4B-00C04F79EFBC}") = "SapphireXE_App", "SapphireXE_App\SapphireXE_App.csproj", "{FD4DC889-B926-42AF-A506-26FCDC54F029}"
EndProject
Global
	GlobalSection(SolutionConfigurationPlatforms) = preSolution
		Debug|Any CPU = Debug|Any CPU
		Debug|TwinCAT CE7 (ARMV7) = Debug|TwinCAT CE7 (ARMV7)
		Debug|TwinCAT OS (ARMT2) = Debug|TwinCAT OS (ARMT2)
		Debug|TwinCAT RT (x64) = Debug|TwinCAT RT (x64)
		Debug|TwinCAT RT (x86) = Debug|TwinCAT RT (x86)
		Debug|x64 = Debug|x64
		Release|Any CPU = Release|Any CPU
		Release|TwinCAT CE7 (ARMV7) = Release|TwinCAT CE7 (ARMV7)
		Release|TwinCAT OS (ARMT2) = Release|TwinCAT OS (ARMT2)
		Release|TwinCAT RT (x64) = Release|TwinCAT RT (x64)
		Release|TwinCAT RT (x86) = Release|TwinCAT RT (x86)
		Release|x64 = Release|x64
	EndGlobalSection
	GlobalSection(ProjectConfigurationPlatforms) = postSolution
		{FD4DC889-B926-42AF-A506-26FCDC54F029}.Debug|Any CPU.ActiveCfg = Debug|Any CPU
		{FD4DC889-B926-42AF-A506-26FCDC54F029}.Debug|Any CPU.Build.0 = Debug|Any CPU
		{FD4DC889-B926-42AF-A506-26FCDC54F029}.Debug|TwinCAT CE7 (ARMV7).ActiveCfg = Debug|Any CPU
		{FD4DC889-B926-42AF-A506-26FCDC54F029}.Debug|TwinCAT CE7 (ARMV7).Build.0 = Debug|Any CPU
		{FD4DC889-B926-42AF-A506-26FCDC54F029}.Debug|TwinCAT OS (ARMT2).ActiveCfg = Debug|Any CPU
		{FD4DC889-B926-42AF-A506-26FCDC54F029}.Debug|TwinCAT OS (ARMT2).Build.0 = Debug|Any CPU
		{FD4DC889-B926-42AF-A506-26FCDC54F029}.Debug|TwinCAT RT (x64).ActiveCfg = Debug|Any CPU
		{FD4DC889-B926-42AF-A506-26FCDC54F029}.Debug|TwinCAT RT (x64).Build.0 = Debug|Any CPU
		{FD4DC889-B926-42AF-A506-26FCDC54F029}.Debug|TwinCAT RT (x86).ActiveCfg = Debug|Any CPU
		{FD4DC889-B926-42AF-A506-26FCDC54F029}.Debug|TwinCAT RT (x86).Build.0 = Debug|Any CPU
		{FD4DC889-B926-42AF-A506-26FCDC54F029}.Debug|x64.ActiveCfg = Debug|x64
		{FD4DC889-B926-42AF-A506-26FCDC54F029}.Debug|x64.Build.0 = Debug|x64
		{FD4DC889-B926-42AF-A506-26FCDC54F029}.Release|Any CPU.ActiveCfg = Release|Any CPU
		{FD4DC889-B926-42AF-A506-26FCDC54F029}.Release|Any CPU.Build.0 = Release|Any CPU
		{FD4DC889-B926-42AF-A506-26FCDC54F029}.Release|TwinCAT CE7 (ARMV7).ActiveCfg = Debug|Any CPU
		{FD4DC889-B926-42AF-A506-26FCDC54F029}.Release|TwinCAT CE7 (ARMV7).Build.0 = Debug|Any CPU
		{FD4DC889-B926-42AF-A506-26FCDC54F029}.Release|TwinCAT OS (ARMT2).ActiveCfg = Release|Any CPU
		{FD4DC889-B926-42AF-A506-26FCDC54F029}.Release|TwinCAT OS (ARMT2).Build.0 = Release|Any CPU
		{FD4DC889-B926-42AF-A506-26FCDC54F029}.Release|TwinCAT RT (x64).ActiveCfg = Release|Any CPU
		{FD4DC889-B926-42AF-A506-26FCDC54F029}.Release|TwinCAT RT (x64).Build.0 = Release|Any CPU
		{FD4DC889-B926-42AF-A506-26FCDC54F029}.Release|TwinCAT RT (x86).ActiveCfg = Release|Any CPU
		{FD4DC889-B926-42AF-A506-26FCDC54F029}.Release|TwinCAT RT (x86).Build.0 = Release|Any CPU
		{FD4DC889-B926-42AF-A506-26FCDC54F029}.Release|x64.ActiveCfg = Release|x64
		{FD4DC889-B926-42AF-A506-26FCDC54F029}.Release|x64.Build.0 = Release|x64
	EndGlobalSection
	GlobalSection(SolutionProperties) = preSolution
		HideSolutionNode = FALSE
	EndGlobalSection
	GlobalSection(ExtensibilityGlobals) = postSolution
		SolutionGuid = {879A1BED-5D43-4A83-A93F-C86A6C2FD4B9}
	EndGlobalSection
EndGlobal
